{
  "originHash" : "d609b7c8eb76cfa27b864ac6b2de0a856fd0dea4a24229b42cdb1903b51edf40",
  "pins" : [
    {
      "identity" : "ui",
      "kind" : "remoteSourceControl",
      "location" : "https://github.com/origin89hq/ui.git",
      "state" : {
        "revision" : "50e3188bb34b6c0aed25f1254ff89890e3915663",
        "version" : "0.4.0"
      }
    }
  ],
  "version" : 3
}
