{
  "originHash" : "d609b7c8eb76cfa27b864ac6b2de0a856fd0dea4a24229b42cdb1903b51edf40",
  "pins" : [
    {
      "identity" : "ui",
      "kind" : "remoteSourceControl",
      "location" : "https://github.com/origin89hq/ui.git",
      "state" : {
        "revision" : "26200367554a176ae7e91c5f6de9d526c4d71a35",
        "version" : "0.3.0"
      }
    }
  ],
  "version" : 3
}
