{
  "originHash" : "e073a1830b1c2c970c5dc04d2680792590507d776c26fa3b7144a2e3b69b0bba",
  "pins" : [
    {
      "identity" : "ui",
      "kind" : "remoteSourceControl",
      "location" : "https://github.com/origin89hq/ui.git",
      "state" : {
        "revision" : "eeae8ac30460c9786c38637b3f5c53ab20f6f3f6",
        "version" : "0.2.0"
      }
    }
  ],
  "version" : 3
}
